
Microsoft Visual Studio Solution File, Format Version 12.00
# Visual Studio Version 17
VisualStudioVersion = 17.10.34804.81
MinimumVisualStudioVersion = 10.0.40219.1
Project("{FAE04EC0-301F-11D3-BF4B-00C04F79EFBC}") = "DI", "DI.csproj", "{5B53F60B-6660-45BB-A5C2-F485851A987F}"
EndProject
Global
	GlobalSection(SolutionConfigurationPlatforms) = preSolution
		Debug|Any CPU = Debug|Any CPU
		Release|Any CPU = Release|Any CPU
	EndGlobalSection
	GlobalSection(ProjectConfigurationPlatforms) = postSolution
		{5B53F60B-6660-45BB-A5C2-F485851A987F}.Debug|Any CPU.ActiveCfg = Debug|Any CPU
		{5B53F60B-6660-45BB-A5C2-F485851A987F}.Debug|Any CPU.Build.0 = Debug|Any CPU
		{5B53F60B-6660-45BB-A5C2-F485851A987F}.Release|Any CPU.ActiveCfg = Release|Any CPU
		{5B53F60B-6660-45BB-A5C2-F485851A987F}.Release|Any CPU.Build.0 = Release|Any CPU
	EndGlobalSection
	GlobalSection(SolutionProperties) = preSolution
		HideSolutionNode = FALSE
	EndGlobalSection
	GlobalSection(ExtensibilityGlobals) = postSolution
		SolutionGuid = {DF2F5C93-2748-46CB-9AF6-66FF3A674A04}
	EndGlobalSection
EndGlobal
