
Microsoft Visual Studio Solution File, Format Version 12.00
# Visual Studio Version 17
VisualStudioVersion = 17.10.34804.81
MinimumVisualStudioVersion = 10.0.40219.1
Project("{FAE04EC0-301F-11D3-BF4B-00C04F79EFBC}") = "Bridge", "Bridge.csproj", "{651EA5F8-0863-4CE3-9E46-537ABDE5735C}"
EndProject
Global
	GlobalSection(SolutionConfigurationPlatforms) = preSolution
		Debug|Any CPU = Debug|Any CPU
		Release|Any CPU = Release|Any CPU
	EndGlobalSection
	GlobalSection(ProjectConfigurationPlatforms) = postSolution
		{651EA5F8-0863-4CE3-9E46-537ABDE5735C}.Debug|Any CPU.ActiveCfg = Debug|Any CPU
		{651EA5F8-0863-4CE3-9E46-537ABDE5735C}.Debug|Any CPU.Build.0 = Debug|Any CPU
		{651EA5F8-0863-4CE3-9E46-537ABDE5735C}.Release|Any CPU.ActiveCfg = Release|Any CPU
		{651EA5F8-0863-4CE3-9E46-537ABDE5735C}.Release|Any CPU.Build.0 = Release|Any CPU
	EndGlobalSection
	GlobalSection(SolutionProperties) = preSolution
		HideSolutionNode = FALSE
	EndGlobalSection
	GlobalSection(ExtensibilityGlobals) = postSolution
		SolutionGuid = {C0F8D994-C945-4956-8C5A-F3BD110FF51E}
	EndGlobalSection
EndGlobal
